{
  "version": 4,
  "terraform_version": "1.12.1",
  "serial": 12,
  "lineage": "2664af50-4198-876d-22c8-eb84d478eb7f",
  "outputs": {},
  "resources": [
    {
      "mode": "managed",
      "type": "aws_athena_workgroup",
      "name": "bronze_wg",
      "provider": "provider[\"registry.terraform.io/hashicorp/aws\"]",
      "instances": [
        {
          "schema_version": 0,
          "attributes": {
            "arn": "arn:aws:athena:us-east-1:609803702667:workgroup/bronze_wg",
            "configuration": [
              {
                "bytes_scanned_cutoff_per_query": 0,
                "enforce_workgroup_configuration": true,
                "engine_version": [
                  {
                    "effective_engine_version": "Athena engine version 3",
                    "selected_engine_version": "AUTO"
                  }
                ],
                "execution_role": "",
                "publish_cloudwatch_metrics_enabled": true,
                "requester_pays_enabled": false,
                "result_configuration": [
                  {
                    "acl_configuration": [],
                    "encryption_configuration": [],
                    "expected_bucket_owner": "",
                    "output_location": "s3://bucket-clientes-vendas-py/athena-results/"
                  }
                ]
              }
            ],
            "description": "",
            "force_destroy": false,
            "id": "bronze_wg",
            "name": "bronze_wg",
            "region": "us-east-1",
            "state": "ENABLED",
            "tags": null,
            "tags_all": {}
          },
          "sensitive_attributes": [],
          "identity_schema_version": 0,
          "private": "bnVsbA=="
        }
      ]
    },
    {
      "mode": "managed",
      "type": "aws_glue_catalog_database",
      "name": "bronze_db",
      "provider": "provider[\"registry.terraform.io/hashicorp/aws\"]",
      "instances": [
        {
          "schema_version": 0,
          "attributes": {
            "arn": "arn:aws:glue:us-east-1:609803702667:database/bronze",
            "catalog_id": "609803702667",
            "create_table_default_permission": [
              {
                "permissions": [
                  "ALL"
                ],
                "principal": [
                  {
                    "data_lake_principal_identifier": "IAM_ALLOWED_PRINCIPALS"
                  }
                ]
              }
            ],
            "description": "",
            "federated_database": [],
            "id": "609803702667:bronze",
            "location_uri": "",
            "name": "bronze",
            "parameters": null,
            "region": "us-east-1",
            "tags": null,
            "tags_all": {},
            "target_database": []
          },
          "sensitive_attributes": [],
          "identity_schema_version": 0,
          "private": "bnVsbA=="
        }
      ]
    },
    {
      "mode": "managed",
      "type": "aws_glue_catalog_table",
      "name": "bronze_clientes",
      "provider": "provider[\"registry.terraform.io/hashicorp/aws\"]",
      "instances": [
        {
          "schema_version": 0,
          "attributes": {
            "arn": "arn:aws:glue:us-east-1:609803702667:table/bronze/clientes_bronze",
            "catalog_id": "609803702667",
            "database_name": "bronze",
            "description": "",
            "id": "609803702667:bronze:clientes_bronze",
            "name": "clientes_bronze",
            "open_table_format_input": [],
            "owner": "",
            "parameters": {
              "EXTERNAL": "TRUE",
              "classification": "parquet"
            },
            "partition_index": null,
            "partition_keys": [
              {
                "comment": "",
                "name": "data_carga",
                "type": "string"
              }
            ],
            "region": "us-east-1",
            "retention": 0,
            "storage_descriptor": [
              {
                "additional_locations": null,
                "bucket_columns": null,
                "columns": [
                  {
                    "comment": "",
                    "name": "nome",
                    "parameters": null,
                    "type": "string"
                  },
                  {
                    "comment": "",
                    "name": "idade",
                    "parameters": null,
                    "type": "int"
                  },
                  {
                    "comment": "",
                    "name": "cidade",
                    "parameters": null,
                    "type": "string"
                  }
                ],
                "compressed": false,
                "input_format": "org.apache.hadoop.hive.ql.io.parquet.MapredParquetInputFormat",
                "location": "s3://bucket-clientes-vendas-py/bronze/clientes/",
                "number_of_buckets": 0,
                "output_format": "org.apache.hadoop.hive.ql.io.parquet.MapredParquetOutputFormat",
                "parameters": null,
                "schema_reference": [],
                "ser_de_info": [
                  {
                    "name": "parquet-serde",
                    "parameters": null,
                    "serialization_library": "org.apache.hadoop.hive.ql.io.parquet.serde.ParquetHiveSerDe"
                  }
                ],
                "skewed_info": [],
                "sort_columns": [],
                "stored_as_sub_directories": false
              }
            ],
            "table_type": "EXTERNAL_TABLE",
            "target_table": [],
            "view_expanded_text": "",
            "view_original_text": ""
          },
          "sensitive_attributes": [],
          "identity_schema_version": 0,
          "private": "bnVsbA==",
          "dependencies": [
            "aws_glue_catalog_database.bronze_db"
          ]
        }
      ]
    },
    {
      "mode": "managed",
      "type": "aws_glue_catalog_table",
      "name": "bronze_vendas",
      "provider": "provider[\"registry.terraform.io/hashicorp/aws\"]",
      "instances": [
        {
          "schema_version": 0,
          "attributes": {
            "arn": "arn:aws:glue:us-east-1:609803702667:table/bronze/vendas_bronze",
            "catalog_id": "609803702667",
            "database_name": "bronze",
            "description": "",
            "id": "609803702667:bronze:vendas_bronze",
            "name": "vendas_bronze",
            "open_table_format_input": [],
            "owner": "",
            "parameters": {
              "EXTERNAL": "TRUE",
              "classification": "parquet"
            },
            "partition_index": null,
            "partition_keys": [
              {
                "comment": "",
                "name": "data_carga",
                "type": "string"
              }
            ],
            "region": "us-east-1",
            "retention": 0,
            "storage_descriptor": [
              {
                "additional_locations": null,
                "bucket_columns": null,
                "columns": [
                  {
                    "comment": "",
                    "name": "venda_id",
                    "parameters": null,
                    "type": "int"
                  },
                  {
                    "comment": "",
                    "name": "cliente_id",
                    "parameters": null,
                    "type": "int"
                  },
                  {
                    "comment": "",
                    "name": "produto_id",
                    "parameters": null,
                    "type": "int"
                  },
                  {
                    "comment": "",
                    "name": "valor",
                    "parameters": null,
                    "type": "decimal(10,2)"
                  },
                  {
                    "comment": "",
                    "name": "data_venda",
                    "parameters": null,
                    "type": "string"
                  }
                ],
                "compressed": false,
                "input_format": "org.apache.hadoop.hive.ql.io.parquet.MapredParquetInputFormat",
                "location": "s3://bucket-clientes-vendas-py/bronze/vendas/",
                "number_of_buckets": 0,
                "output_format": "org.apache.hadoop.hive.ql.io.parquet.MapredParquetOutputFormat",
                "parameters": null,
                "schema_reference": [],
                "ser_de_info": [
                  {
                    "name": "parquet-serde",
                    "parameters": null,
                    "serialization_library": "org.apache.hadoop.hive.ql.io.parquet.serde.ParquetHiveSerDe"
                  }
                ],
                "skewed_info": [],
                "sort_columns": [],
                "stored_as_sub_directories": false
              }
            ],
            "table_type": "EXTERNAL_TABLE",
            "target_table": [],
            "view_expanded_text": "",
            "view_original_text": ""
          },
          "sensitive_attributes": [],
          "identity_schema_version": 0,
          "private": "bnVsbA==",
          "dependencies": [
            "aws_glue_catalog_database.bronze_db"
          ]
        }
      ]
    },
    {
      "mode": "managed",
      "type": "aws_glue_job",
      "name": "ingesta_bronze_clientes",
      "provider": "provider[\"registry.terraform.io/hashicorp/aws\"]",
      "instances": [
        {
          "schema_version": 0,
          "attributes": {
            "arn": "arn:aws:glue:us-east-1:609803702667:job/ingesta_bronze_clientes",
            "command": [
              {
                "name": "glueetl",
                "python_version": "3",
                "runtime": "",
                "script_location": "s3://bucket-clientes-vendas-py/scripts/ingesta_bronze/bronze_clientes.py"
              }
            ],
            "connections": null,
            "default_arguments": {
              "--TempDir": "s3://bucket-clientes-vendas-py/temp/",
              "--input_path": "s3://bucket-clientes-vendas-py/data/clientes.csv",
              "--job-language": "python",
              "--output_path": "s3://bucket-clientes-vendas-py/bronze/clientes/"
            },
            "description": "",
            "execution_class": "",
            "execution_property": [
              {
                "max_concurrent_runs": 1
              }
            ],
            "glue_version": "3.0",
            "id": "ingesta_bronze_clientes",
            "job_mode": "SCRIPT",
            "job_run_queuing_enabled": false,
            "maintenance_window": "",
            "max_capacity": 2,
            "max_retries": 0,
            "name": "ingesta_bronze_clientes",
            "non_overridable_arguments": null,
            "notification_property": [],
            "number_of_workers": 2,
            "region": "us-east-1",
            "role_arn": "arn:aws:iam::609803702667:role/glue_service_role",
            "security_configuration": "",
            "source_control_details": [],
            "tags": null,
            "tags_all": {},
            "timeout": 2880,
            "worker_type": "G.1X"
          },
          "sensitive_attributes": [],
          "identity_schema_version": 0,
          "private": "bnVsbA=="
        }
      ]
    },
    {
      "mode": "managed",
      "type": "aws_glue_job",
      "name": "ingesta_bronze_vendas",
      "provider": "provider[\"registry.terraform.io/hashicorp/aws\"]",
      "instances": [
        {
          "schema_version": 0,
          "attributes": {
            "arn": "arn:aws:glue:us-east-1:609803702667:job/ingesta_bronze_vendas",
            "command": [
              {
                "name": "glueetl",
                "python_version": "3",
                "runtime": "",
                "script_location": "s3://bucket-clientes-vendas-py/scripts/ingesta_bronze/bronze_vendas.py"
              }
            ],
            "connections": null,
            "default_arguments": {
              "--TempDir": "s3://bucket-clientes-vendas-py/temp/",
              "--input_path": "s3://bucket-clientes-vendas-py/data/vendas.txt",
              "--job-language": "python",
              "--output_path": "s3://bucket-clientes-vendas-py/bronze/vendas/"
            },
            "description": "",
            "execution_class": "",
            "execution_property": [
              {
                "max_concurrent_runs": 1
              }
            ],
            "glue_version": "3.0",
            "id": "ingesta_bronze_vendas",
            "job_mode": "SCRIPT",
            "job_run_queuing_enabled": false,
            "maintenance_window": "",
            "max_capacity": 2,
            "max_retries": 0,
            "name": "ingesta_bronze_vendas",
            "non_overridable_arguments": null,
            "notification_property": [],
            "number_of_workers": 2,
            "region": "us-east-1",
            "role_arn": "arn:aws:iam::609803702667:role/glue_service_role",
            "security_configuration": "",
            "source_control_details": [],
            "tags": null,
            "tags_all": {},
            "timeout": 2880,
            "worker_type": "G.1X"
          },
          "sensitive_attributes": [],
          "identity_schema_version": 0,
          "private": "bnVsbA=="
        }
      ]
    },
    {
      "mode": "managed",
      "type": "aws_s3_object",
      "name": "athena_results_folder",
      "provider": "provider[\"registry.terraform.io/hashicorp/aws\"]",
      "instances": [
        {
          "schema_version": 0,
          "attributes": {
            "acl": null,
            "arn": "arn:aws:s3:::bucket-clientes-vendas-py/athena-results/",
            "bucket": "bucket-clientes-vendas-py",
            "bucket_key_enabled": false,
            "cache_control": "",
            "checksum_algorithm": null,
            "checksum_crc32": "",
            "checksum_crc32c": "",
            "checksum_crc64nvme": "",
            "checksum_sha1": "",
            "checksum_sha256": "",
            "content": null,
            "content_base64": null,
            "content_disposition": "",
            "content_encoding": "",
            "content_language": "",
            "content_type": "application/octet-stream",
            "etag": "d41d8cd98f00b204e9800998ecf8427e",
            "force_destroy": false,
            "id": "bucket-clientes-vendas-py/athena-results/",
            "key": "athena-results/",
            "kms_key_id": null,
            "metadata": null,
            "object_lock_legal_hold_status": "",
            "object_lock_mode": "",
            "object_lock_retain_until_date": "",
            "override_provider": [],
            "region": "us-east-1",
            "server_side_encryption": "AES256",
            "source": null,
            "source_hash": null,
            "storage_class": "STANDARD",
            "tags": null,
            "tags_all": {},
            "version_id": "",
            "website_redirect": ""
          },
          "sensitive_attributes": [],
          "identity_schema_version": 0,
          "identity": {
            "account_id": "609803702667",
            "bucket": "bucket-clientes-vendas-py",
            "key": "athena-results/",
            "region": "us-east-1"
          },
          "private": "bnVsbA=="
        }
      ]
    },
    {
      "mode": "managed",
      "type": "aws_s3_object",
      "name": "bronze_clientes_folder",
      "provider": "provider[\"registry.terraform.io/hashicorp/aws\"]",
      "instances": [
        {
          "schema_version": 0,
          "attributes": {
            "acl": null,
            "arn": "arn:aws:s3:::bucket-clientes-vendas-py/bronze/clientes/",
            "bucket": "bucket-clientes-vendas-py",
            "bucket_key_enabled": false,
            "cache_control": "",
            "checksum_algorithm": null,
            "checksum_crc32": "",
            "checksum_crc32c": "",
            "checksum_crc64nvme": "",
            "checksum_sha1": "",
            "checksum_sha256": "",
            "content": null,
            "content_base64": null,
            "content_disposition": "",
            "content_encoding": "",
            "content_language": "",
            "content_type": "application/octet-stream",
            "etag": "d41d8cd98f00b204e9800998ecf8427e",
            "force_destroy": false,
            "id": "bucket-clientes-vendas-py/bronze/clientes/",
            "key": "bronze/clientes/",
            "kms_key_id": null,
            "metadata": null,
            "object_lock_legal_hold_status": "",
            "object_lock_mode": "",
            "object_lock_retain_until_date": "",
            "override_provider": [],
            "region": "us-east-1",
            "server_side_encryption": "AES256",
            "source": null,
            "source_hash": null,
            "storage_class": "STANDARD",
            "tags": null,
            "tags_all": {},
            "version_id": "",
            "website_redirect": ""
          },
          "sensitive_attributes": [],
          "identity_schema_version": 0,
          "identity": {
            "account_id": "609803702667",
            "bucket": "bucket-clientes-vendas-py",
            "key": "bronze/clientes/",
            "region": "us-east-1"
          },
          "private": "bnVsbA=="
        }
      ]
    },
    {
      "mode": "managed",
      "type": "aws_s3_object",
      "name": "bronze_vendas_folder",
      "provider": "provider[\"registry.terraform.io/hashicorp/aws\"]",
      "instances": [
        {
          "schema_version": 0,
          "attributes": {
            "acl": null,
            "arn": "arn:aws:s3:::bucket-clientes-vendas-py/bronze/vendas/",
            "bucket": "bucket-clientes-vendas-py",
            "bucket_key_enabled": false,
            "cache_control": "",
            "checksum_algorithm": null,
            "checksum_crc32": "",
            "checksum_crc32c": "",
            "checksum_crc64nvme": "",
            "checksum_sha1": "",
            "checksum_sha256": "",
            "content": null,
            "content_base64": null,
            "content_disposition": "",
            "content_encoding": "",
            "content_language": "",
            "content_type": "application/octet-stream",
            "etag": "d41d8cd98f00b204e9800998ecf8427e",
            "force_destroy": false,
            "id": "bucket-clientes-vendas-py/bronze/vendas/",
            "key": "bronze/vendas/",
            "kms_key_id": null,
            "metadata": null,
            "object_lock_legal_hold_status": "",
            "object_lock_mode": "",
            "object_lock_retain_until_date": "",
            "override_provider": [],
            "region": "us-east-1",
            "server_side_encryption": "AES256",
            "source": null,
            "source_hash": null,
            "storage_class": "STANDARD",
            "tags": null,
            "tags_all": {},
            "version_id": "",
            "website_redirect": ""
          },
          "sensitive_attributes": [],
          "identity_schema_version": 0,
          "identity": {
            "account_id": "609803702667",
            "bucket": "bucket-clientes-vendas-py",
            "key": "bronze/vendas/",
            "region": "us-east-1"
          },
          "private": "bnVsbA=="
        }
      ]
    },
    {
      "mode": "managed",
      "type": "aws_s3_object",
      "name": "scripts_folder",
      "provider": "provider[\"registry.terraform.io/hashicorp/aws\"]",
      "instances": [
        {
          "schema_version": 0,
          "attributes": {
            "acl": null,
            "arn": "arn:aws:s3:::bucket-clientes-vendas-py/scripts/ingesta_bronze/",
            "bucket": "bucket-clientes-vendas-py",
            "bucket_key_enabled": false,
            "cache_control": "",
            "checksum_algorithm": null,
            "checksum_crc32": "",
            "checksum_crc32c": "",
            "checksum_crc64nvme": "",
            "checksum_sha1": "",
            "checksum_sha256": "",
            "content": null,
            "content_base64": null,
            "content_disposition": "",
            "content_encoding": "",
            "content_language": "",
            "content_type": "application/octet-stream",
            "etag": "d41d8cd98f00b204e9800998ecf8427e",
            "force_destroy": false,
            "id": "bucket-clientes-vendas-py/scripts/ingesta_bronze/",
            "key": "scripts/ingesta_bronze/",
            "kms_key_id": null,
            "metadata": null,
            "object_lock_legal_hold_status": "",
            "object_lock_mode": "",
            "object_lock_retain_until_date": "",
            "override_provider": [],
            "region": "us-east-1",
            "server_side_encryption": "AES256",
            "source": null,
            "source_hash": null,
            "storage_class": "STANDARD",
            "tags": null,
            "tags_all": {},
            "version_id": "",
            "website_redirect": ""
          },
          "sensitive_attributes": [],
          "identity_schema_version": 0,
          "identity": {
            "account_id": "609803702667",
            "bucket": "bucket-clientes-vendas-py",
            "key": "scripts/ingesta_bronze/",
            "region": "us-east-1"
          },
          "private": "bnVsbA=="
        }
      ]
    },
    {
      "mode": "managed",
      "type": "aws_s3_object",
      "name": "temp_folder",
      "provider": "provider[\"registry.terraform.io/hashicorp/aws\"]",
      "instances": [
        {
          "schema_version": 0,
          "attributes": {
            "acl": null,
            "arn": "arn:aws:s3:::bucket-clientes-vendas-py/temp/",
            "bucket": "bucket-clientes-vendas-py",
            "bucket_key_enabled": false,
            "cache_control": "",
            "checksum_algorithm": null,
            "checksum_crc32": "",
            "checksum_crc32c": "",
            "checksum_crc64nvme": "",
            "checksum_sha1": "",
            "checksum_sha256": "",
            "content": null,
            "content_base64": null,
            "content_disposition": "",
            "content_encoding": "",
            "content_language": "",
            "content_type": "application/octet-stream",
            "etag": "d41d8cd98f00b204e9800998ecf8427e",
            "force_destroy": false,
            "id": "bucket-clientes-vendas-py/temp/",
            "key": "temp/",
            "kms_key_id": null,
            "metadata": null,
            "object_lock_legal_hold_status": "",
            "object_lock_mode": "",
            "object_lock_retain_until_date": "",
            "override_provider": [],
            "region": "us-east-1",
            "server_side_encryption": "AES256",
            "source": null,
            "source_hash": null,
            "storage_class": "STANDARD",
            "tags": null,
            "tags_all": {},
            "version_id": "",
            "website_redirect": ""
          },
          "sensitive_attributes": [],
          "identity_schema_version": 0,
          "identity": {
            "account_id": "609803702667",
            "bucket": "bucket-clientes-vendas-py",
            "key": "temp/",
            "region": "us-east-1"
          },
          "private": "bnVsbA=="
        }
      ]
    }
  ],
  "check_results": null
}
